// !$*UTF8*$!
{
	archiveVersion = 1;
	classes = {
	};
	objectVersion = 52;
	objects = {

/* Begin PBXBuildFile section */
		2DBA19D092E48441837C32B2 /* TemplatesList.swift in Sources */ = {isa = PBXBuildFile; fileRef = 2DBA15EF54C06E2604287A8F /* TemplatesList.swift */; };
		2DBA1CA289D21EFD14FC436F /* ShareViewModel.swift in Sources */ = {isa = PBXBuildFile; fileRef = 2DBA13BBE818438F848A19F4 /* ShareViewModel.swift */; };
		61A5FDF4852A953875A28859 /* Pods_Memeo.framework in Frameworks */ = {isa = PBXBuildFile; fileRef = 4C09B8073C2DE3AEB65828E2 /* Pods_Memeo.framework */; };
		FA387D8626E81563003D44A3 /* ShareView.swift in Sources */ = {isa = PBXBuildFile; fileRef = FA387D8526E81563003D44A3 /* ShareView.swift */; };
		FA7F03FB26E0118F00323E19 /* PlaybackControls.swift in Sources */ = {isa = PBXBuildFile; fileRef = FA7F03FA26E0118F00323E19 /* PlaybackControls.swift */; };
		FA97AD6926DB7C5800BD8B83 /* MemeoApp.swift in Sources */ = {isa = PBXBuildFile; fileRef = FA97AD6826DB7C5800BD8B83 /* MemeoApp.swift */; };
		FA97AD6B26DB7C5800BD8B83 /* VideoEditor.swift in Sources */ = {isa = PBXBuildFile; fileRef = FA97AD6A26DB7C5800BD8B83 /* VideoEditor.swift */; };
		FA97AD6D26DB7C5900BD8B83 /* Assets.xcassets in Resources */ = {isa = PBXBuildFile; fileRef = FA97AD6C26DB7C5900BD8B83 /* Assets.xcassets */; };
		FA97AD7026DB7C5900BD8B83 /* Preview Assets.xcassets in Resources */ = {isa = PBXBuildFile; fileRef = FA97AD6F26DB7C5900BD8B83 /* Preview Assets.xcassets */; };
		FA97AD7E26DB7D3C00BD8B83 /* Document.swift in Sources */ = {isa = PBXBuildFile; fileRef = FA97AD7D26DB7D3C00BD8B83 /* Document.swift */; };
		FA97AD8026DB7F2100BD8B83 /* Tracker.swift in Sources */ = {isa = PBXBuildFile; fileRef = FA97AD7F26DB7F2100BD8B83 /* Tracker.swift */; };
		FA97AD8226DB7F8100BD8B83 /* VideoEditorViewModel.swift in Sources */ = {isa = PBXBuildFile; fileRef = FA97AD8126DB7F8100BD8B83 /* VideoEditorViewModel.swift */; };
		FA97AD8926DB83B500BD8B83 /* TrackerLayerRepresentable.swift in Sources */ = {isa = PBXBuildFile; fileRef = FA97AD8826DB83B500BD8B83 /* TrackerLayerRepresentable.swift */; };
		FA97AD8B26DB966D00BD8B83 /* TrackerEditorUIView.swift in Sources */ = {isa = PBXBuildFile; fileRef = FA97AD8A26DB966D00BD8B83 /* TrackerEditorUIView.swift */; };
		FA97AD8D26DB9D5F00BD8B83 /* TrackerEditorView.swift in Sources */ = {isa = PBXBuildFile; fileRef = FA97AD8C26DB9D5F00BD8B83 /* TrackerEditorView.swift */; };
		FA97AD8F26DBAA2900BD8B83 /* CGPointExtentions.swift in Sources */ = {isa = PBXBuildFile; fileRef = FA97AD8E26DBAA2900BD8B83 /* CGPointExtentions.swift */; };
		FA97AD9226DBBF1C00BD8B83 /* TimelineView.swift in Sources */ = {isa = PBXBuildFile; fileRef = FA97AD9126DBBF1C00BD8B83 /* TimelineView.swift */; };
		FA97AD9426DBBF5900BD8B83 /* Timeline.swift in Sources */ = {isa = PBXBuildFile; fileRef = FA97AD9326DBBF5900BD8B83 /* Timeline.swift */; };
		FA97AD9626DBF7A800BD8B83 /* Animation.swift in Sources */ = {isa = PBXBuildFile; fileRef = FA97AD9526DBF7A800BD8B83 /* Animation.swift */; };
		FA97AD9826DC3E9E00BD8B83 /* UIKitTextField.swift in Sources */ = {isa = PBXBuildFile; fileRef = FA97AD9726DC3E9E00BD8B83 /* UIKitTextField.swift */; };
		FA97AD9A26DC3ECF00BD8B83 /* VisualEffectsView.swift in Sources */ = {isa = PBXBuildFile; fileRef = FA97AD9926DC3ECF00BD8B83 /* VisualEffectsView.swift */; };
		FA97AD9C26DC3EF000BD8B83 /* VideoPicker.swift in Sources */ = {isa = PBXBuildFile; fileRef = FA97AD9B26DC3EF000BD8B83 /* VideoPicker.swift */; };
		FA97AD9F26DC3F3500BD8B83 /* TrackerTextEditor.swift in Sources */ = {isa = PBXBuildFile; fileRef = FA97AD9E26DC3F3500BD8B83 /* TrackerTextEditor.swift */; };
		FA97ADA126DCC05600BD8B83 /* UploadVideoView.swift in Sources */ = {isa = PBXBuildFile; fileRef = FA97ADA026DCC05600BD8B83 /* UploadVideoView.swift */; };
		FA97ADA326DCD60F00BD8B83 /* Home.swift in Sources */ = {isa = PBXBuildFile; fileRef = FA97ADA226DCD60F00BD8B83 /* Home.swift */; };
		FA97ADA526DCD64200BD8B83 /* HomeViewModel.swift in Sources */ = {isa = PBXBuildFile; fileRef = FA97ADA426DCD64200BD8B83 /* HomeViewModel.swift */; };
		FA97ADA826DCDA0500BD8B83 /* DocumentsService.swift in Sources */ = {isa = PBXBuildFile; fileRef = FA97ADA726DCDA0500BD8B83 /* DocumentsService.swift */; };
		FA97ADAA26DCDA8A00BD8B83 /* AVAssetTrackExtentions.swift in Sources */ = {isa = PBXBuildFile; fileRef = FA97ADA926DCDA8A00BD8B83 /* AVAssetTrackExtentions.swift */; };
		FAA9D98E26E8D4A000D2C0CA /* InterstitialAdView.swift in Sources */ = {isa = PBXBuildFile; fileRef = FAA9D98D26E8D4A000D2C0CA /* InterstitialAdView.swift */; };
		FAA9D99026E8D56800D2C0CA /* FullscreenAdModifier.swift in Sources */ = {isa = PBXBuildFile; fileRef = FAA9D98F26E8D56800D2C0CA /* FullscreenAdModifier.swift */; };
		FAB34F8726DE1AC400F36280 /* VideoExporter.swift in Sources */ = {isa = PBXBuildFile; fileRef = FAB34F8626DE1AC400F36280 /* VideoExporter.swift */; };
		FAB34FAA26DFA6D100F36280 /* VideoEditorToolbar.swift in Sources */ = {isa = PBXBuildFile; fileRef = FAB34FA926DFA6D100F36280 /* VideoEditorToolbar.swift */; };
		FAB7481326E771C70076B9BE /* FLAnimatedImage in Frameworks */ = {isa = PBXBuildFile; productRef = FAB7481226E771C70076B9BE /* FLAnimatedImage */; };
		FAB7481626E77CA10076B9BE /* SnapKit in Frameworks */ = {isa = PBXBuildFile; productRef = FAB7481526E77CA10076B9BE /* SnapKit */; };
		FADD407D26DD465A000D142B /* previewAsset.mp4 in Resources */ = {isa = PBXBuildFile; fileRef = FADD407C26DD45AF000D142B /* previewAsset.mp4 */; };
		FADD408226DD46B1000D142B /* VideoPlayerView.swift in Sources */ = {isa = PBXBuildFile; fileRef = FADD407F26DD46B1000D142B /* VideoPlayerView.swift */; };
		FADD408326DD46B1000D142B /* VideoPlayer.swift in Sources */ = {isa = PBXBuildFile; fileRef = FADD408026DD46B1000D142B /* VideoPlayer.swift */; };
		FAEA2F9126EAB3DD00FBD5CA /* iAd.framework in Frameworks */ = {isa = PBXBuildFile; fileRef = FAEA2F9026EAB3DD00FBD5CA /* iAd.framework */; };
		FAEA2F9326EAB7D900FBD5CA /* AppTrackingPermissionRequestView.swift in Sources */ = {isa = PBXBuildFile; fileRef = FAEA2F9226EAB7D900FBD5CA /* AppTrackingPermissionRequestView.swift */; };
		FAEA2F9626EB1D1900FBD5CA /* GiphyUISDK in Frameworks */ = {isa = PBXBuildFile; productRef = FAEA2F9526EB1D1900FBD5CA /* GiphyUISDK */; };
		FAEA2F9826EB1D5D00FBD5CA /* GiphyView.swift in Sources */ = {isa = PBXBuildFile; fileRef = FAEA2F9726EB1D5D00FBD5CA /* GiphyView.swift */; };
		FAEA2F9A26EB85EF00FBD5CA /* Launch Screen.storyboard in Resources */ = {isa = PBXBuildFile; fileRef = FAEA2F9926EB85EF00FBD5CA /* Launch Screen.storyboard */; };
		FAEA2F9C26EB908900FBD5CA /* InfoView.swift in Sources */ = {isa = PBXBuildFile; fileRef = FAEA2F9B26EB908900FBD5CA /* InfoView.swift */; };
/* End PBXBuildFile section */

/* Begin PBXFileReference section */
		0317F1970EDC8AECA3EDF019 /* Pods-Memeo.debug.xcconfig */ = {isa = PBXFileReference; includeInIndex = 1; lastKnownFileType = text.xcconfig; name = "Pods-Memeo.debug.xcconfig"; path = "Target Support Files/Pods-Memeo/Pods-Memeo.debug.xcconfig"; sourceTree = "<group>"; };
		2DBA13BBE818438F848A19F4 /* ShareViewModel.swift */ = {isa = PBXFileReference; fileEncoding = 4; lastKnownFileType = sourcecode.swift; path = ShareViewModel.swift; sourceTree = "<group>"; };
		2DBA15EF54C06E2604287A8F /* TemplatesList.swift */ = {isa = PBXFileReference; fileEncoding = 4; lastKnownFileType = sourcecode.swift; path = TemplatesList.swift; sourceTree = "<group>"; };
		4C09B8073C2DE3AEB65828E2 /* Pods_Memeo.framework */ = {isa = PBXFileReference; explicitFileType = wrapper.framework; includeInIndex = 0; path = Pods_Memeo.framework; sourceTree = BUILT_PRODUCTS_DIR; };
		AA5C7B136A2735C3DBE4E334 /* Pods-Memeo.release.xcconfig */ = {isa = PBXFileReference; includeInIndex = 1; lastKnownFileType = text.xcconfig; name = "Pods-Memeo.release.xcconfig"; path = "Target Support Files/Pods-Memeo/Pods-Memeo.release.xcconfig"; sourceTree = "<group>"; };
		FA387D8526E81563003D44A3 /* ShareView.swift */ = {isa = PBXFileReference; lastKnownFileType = sourcecode.swift; path = ShareView.swift; sourceTree = "<group>"; };
		FA7F03F926E0100400323E19 /* Memeo.entitlements */ = {isa = PBXFileReference; lastKnownFileType = text.plist.entitlements; path = Memeo.entitlements; sourceTree = "<group>"; };
		FA7F03FA26E0118F00323E19 /* PlaybackControls.swift */ = {isa = PBXFileReference; lastKnownFileType = sourcecode.swift; path = PlaybackControls.swift; sourceTree = "<group>"; };
		FA97AD6526DB7C5800BD8B83 /* Memeo.app */ = {isa = PBXFileReference; explicitFileType = wrapper.application; includeInIndex = 0; path = Memeo.app; sourceTree = BUILT_PRODUCTS_DIR; };
		FA97AD6826DB7C5800BD8B83 /* MemeoApp.swift */ = {isa = PBXFileReference; lastKnownFileType = sourcecode.swift; path = MemeoApp.swift; sourceTree = "<group>"; };
		FA97AD6A26DB7C5800BD8B83 /* VideoEditor.swift */ = {isa = PBXFileReference; lastKnownFileType = sourcecode.swift; path = VideoEditor.swift; sourceTree = "<group>"; };
		FA97AD6C26DB7C5900BD8B83 /* Assets.xcassets */ = {isa = PBXFileReference; lastKnownFileType = folder.assetcatalog; path = Assets.xcassets; sourceTree = "<group>"; };
		FA97AD6F26DB7C5900BD8B83 /* Preview Assets.xcassets */ = {isa = PBXFileReference; lastKnownFileType = folder.assetcatalog; path = "Preview Assets.xcassets"; sourceTree = "<group>"; };
		FA97AD7126DB7C5900BD8B83 /* Info.plist */ = {isa = PBXFileReference; lastKnownFileType = text.plist.xml; path = Info.plist; sourceTree = "<group>"; };
		FA97AD7D26DB7D3C00BD8B83 /* Document.swift */ = {isa = PBXFileReference; lastKnownFileType = sourcecode.swift; path = Document.swift; sourceTree = "<group>"; };
		FA97AD7F26DB7F2100BD8B83 /* Tracker.swift */ = {isa = PBXFileReference; lastKnownFileType = sourcecode.swift; path = Tracker.swift; sourceTree = "<group>"; };
		FA97AD8126DB7F8100BD8B83 /* VideoEditorViewModel.swift */ = {isa = PBXFileReference; lastKnownFileType = sourcecode.swift; path = VideoEditorViewModel.swift; sourceTree = "<group>"; };
		FA97AD8826DB83B500BD8B83 /* TrackerLayerRepresentable.swift */ = {isa = PBXFileReference; lastKnownFileType = sourcecode.swift; path = TrackerLayerRepresentable.swift; sourceTree = "<group>"; };
		FA97AD8A26DB966D00BD8B83 /* TrackerEditorUIView.swift */ = {isa = PBXFileReference; lastKnownFileType = sourcecode.swift; path = TrackerEditorUIView.swift; sourceTree = "<group>"; };
		FA97AD8C26DB9D5F00BD8B83 /* TrackerEditorView.swift */ = {isa = PBXFileReference; lastKnownFileType = sourcecode.swift; path = TrackerEditorView.swift; sourceTree = "<group>"; };
		FA97AD8E26DBAA2900BD8B83 /* CGPointExtentions.swift */ = {isa = PBXFileReference; lastKnownFileType = sourcecode.swift; path = CGPointExtentions.swift; sourceTree = "<group>"; };
		FA97AD9126DBBF1C00BD8B83 /* TimelineView.swift */ = {isa = PBXFileReference; lastKnownFileType = sourcecode.swift; path = TimelineView.swift; sourceTree = "<group>"; };
		FA97AD9326DBBF5900BD8B83 /* Timeline.swift */ = {isa = PBXFileReference; lastKnownFileType = sourcecode.swift; path = Timeline.swift; sourceTree = "<group>"; };
		FA97AD9526DBF7A800BD8B83 /* Animation.swift */ = {isa = PBXFileReference; lastKnownFileType = sourcecode.swift; path = Animation.swift; sourceTree = "<group>"; };
		FA97AD9726DC3E9E00BD8B83 /* UIKitTextField.swift */ = {isa = PBXFileReference; lastKnownFileType = sourcecode.swift; path = UIKitTextField.swift; sourceTree = "<group>"; };
		FA97AD9926DC3ECF00BD8B83 /* VisualEffectsView.swift */ = {isa = PBXFileReference; lastKnownFileType = sourcecode.swift; path = VisualEffectsView.swift; sourceTree = "<group>"; };
		FA97AD9B26DC3EF000BD8B83 /* VideoPicker.swift */ = {isa = PBXFileReference; lastKnownFileType = sourcecode.swift; path = VideoPicker.swift; sourceTree = "<group>"; };
		FA97AD9E26DC3F3500BD8B83 /* TrackerTextEditor.swift */ = {isa = PBXFileReference; lastKnownFileType = sourcecode.swift; path = TrackerTextEditor.swift; sourceTree = "<group>"; };
		FA97ADA026DCC05600BD8B83 /* UploadVideoView.swift */ = {isa = PBXFileReference; lastKnownFileType = sourcecode.swift; path = UploadVideoView.swift; sourceTree = "<group>"; };
		FA97ADA226DCD60F00BD8B83 /* Home.swift */ = {isa = PBXFileReference; lastKnownFileType = sourcecode.swift; path = Home.swift; sourceTree = "<group>"; };
		FA97ADA426DCD64200BD8B83 /* HomeViewModel.swift */ = {isa = PBXFileReference; lastKnownFileType = sourcecode.swift; path = HomeViewModel.swift; sourceTree = "<group>"; };
		FA97ADA726DCDA0500BD8B83 /* DocumentsService.swift */ = {isa = PBXFileReference; lastKnownFileType = sourcecode.swift; path = DocumentsService.swift; sourceTree = "<group>"; };
		FA97ADA926DCDA8A00BD8B83 /* AVAssetTrackExtentions.swift */ = {isa = PBXFileReference; lastKnownFileType = sourcecode.swift; path = AVAssetTrackExtentions.swift; sourceTree = "<group>"; };
		FAA9D98D26E8D4A000D2C0CA /* InterstitialAdView.swift */ = {isa = PBXFileReference; lastKnownFileType = sourcecode.swift; path = InterstitialAdView.swift; sourceTree = "<group>"; };
		FAA9D98F26E8D56800D2C0CA /* FullscreenAdModifier.swift */ = {isa = PBXFileReference; lastKnownFileType = sourcecode.swift; path = FullscreenAdModifier.swift; sourceTree = "<group>"; };
		FAB34F8626DE1AC400F36280 /* VideoExporter.swift */ = {isa = PBXFileReference; lastKnownFileType = sourcecode.swift; path = VideoExporter.swift; sourceTree = "<group>"; };
		FAB34FA926DFA6D100F36280 /* VideoEditorToolbar.swift */ = {isa = PBXFileReference; lastKnownFileType = sourcecode.swift; path = VideoEditorToolbar.swift; sourceTree = "<group>"; };
		FADD407C26DD45AF000D142B /* previewAsset.mp4 */ = {isa = PBXFileReference; lastKnownFileType = file; path = previewAsset.mp4; sourceTree = "<group>"; };
		FADD407F26DD46B1000D142B /* VideoPlayerView.swift */ = {isa = PBXFileReference; fileEncoding = 4; lastKnownFileType = sourcecode.swift; path = VideoPlayerView.swift; sourceTree = "<group>"; };
		FADD408026DD46B1000D142B /* VideoPlayer.swift */ = {isa = PBXFileReference; fileEncoding = 4; lastKnownFileType = sourcecode.swift; path = VideoPlayer.swift; sourceTree = "<group>"; };
		FAEA2F9026EAB3DD00FBD5CA /* iAd.framework */ = {isa = PBXFileReference; lastKnownFileType = wrapper.framework; name = iAd.framework; path = System/Library/Frameworks/iAd.framework; sourceTree = SDKROOT; };
		FAEA2F9226EAB7D900FBD5CA /* AppTrackingPermissionRequestView.swift */ = {isa = PBXFileReference; lastKnownFileType = sourcecode.swift; path = AppTrackingPermissionRequestView.swift; sourceTree = "<group>"; };
		FAEA2F9726EB1D5D00FBD5CA /* GiphyView.swift */ = {isa = PBXFileReference; lastKnownFileType = sourcecode.swift; path = GiphyView.swift; sourceTree = "<group>"; };
		FAEA2F9926EB85EF00FBD5CA /* Launch Screen.storyboard */ = {isa = PBXFileReference; lastKnownFileType = file.storyboard; path = "Launch Screen.storyboard"; sourceTree = "<group>"; };
		FAEA2F9B26EB908900FBD5CA /* InfoView.swift */ = {isa = PBXFileReference; lastKnownFileType = sourcecode.swift; path = InfoView.swift; sourceTree = "<group>"; };
/* End PBXFileReference section */

/* Begin PBXFrameworksBuildPhase section */
		FA97AD6226DB7C5800BD8B83 /* Frameworks */ = {
			isa = PBXFrameworksBuildPhase;
			buildActionMask = 2147483647;
			files = (
				FAEA2F9626EB1D1900FBD5CA /* GiphyUISDK in Frameworks */,
				FAB7481326E771C70076B9BE /* FLAnimatedImage in Frameworks */,
				FAB7481626E77CA10076B9BE /* SnapKit in Frameworks */,
				61A5FDF4852A953875A28859 /* Pods_Memeo.framework in Frameworks */,
				FAEA2F9126EAB3DD00FBD5CA /* iAd.framework in Frameworks */,
			);
			runOnlyForDeploymentPostprocessing = 0;
		};
/* End PBXFrameworksBuildPhase section */

/* Begin PBXGroup section */
		AC9672794C3115E9C6FE5BD2 /* Pods */ = {
			isa = PBXGroup;
			children = (
				0317F1970EDC8AECA3EDF019 /* Pods-Memeo.debug.xcconfig */,
				AA5C7B136A2735C3DBE4E334 /* Pods-Memeo.release.xcconfig */,
			);
			path = Pods;
			sourceTree = "<group>";
		};
		E9905126DA1F056CA2325082 /* Frameworks */ = {
			isa = PBXGroup;
			children = (
				FAEA2F9026EAB3DD00FBD5CA /* iAd.framework */,
				4C09B8073C2DE3AEB65828E2 /* Pods_Memeo.framework */,
			);
			name = Frameworks;
			sourceTree = "<group>";
		};
		FA387D8426E81553003D44A3 /* Share */ = {
			isa = PBXGroup;
			children = (
				FA387D8526E81563003D44A3 /* ShareView.swift */,
				2DBA13BBE818438F848A19F4 /* ShareViewModel.swift */,
			);
			path = Share;
			sourceTree = "<group>";
		};
		FA387D8726E8A2D3003D44A3 /* Ads */ = {
			isa = PBXGroup;
			children = (
				FAA9D98D26E8D4A000D2C0CA /* InterstitialAdView.swift */,
				FAA9D98F26E8D56800D2C0CA /* FullscreenAdModifier.swift */,
			);
			path = Ads;
			sourceTree = "<group>";
		};
		FA97AD5C26DB7C5800BD8B83 = {
			isa = PBXGroup;
			children = (
				FA97AD6726DB7C5800BD8B83 /* Memeo */,
				FA97AD6626DB7C5800BD8B83 /* Products */,
				AC9672794C3115E9C6FE5BD2 /* Pods */,
				E9905126DA1F056CA2325082 /* Frameworks */,
			);
			sourceTree = "<group>";
		};
		FA97AD6626DB7C5800BD8B83 /* Products */ = {
			isa = PBXGroup;
			children = (
				FA97AD6526DB7C5800BD8B83 /* Memeo.app */,
			);
			name = Products;
			sourceTree = "<group>";
		};
		FA97AD6726DB7C5800BD8B83 /* Memeo */ = {
			isa = PBXGroup;
			children = (
				FA7F03F926E0100400323E19 /* Memeo.entitlements */,
				FA97AD7726DB7C9900BD8B83 /* Sources */,
				FA97AD6C26DB7C5900BD8B83 /* Assets.xcassets */,
				FA97AD7126DB7C5900BD8B83 /* Info.plist */,
				FA97AD6E26DB7C5900BD8B83 /* Preview Content */,
				FAEA2F9926EB85EF00FBD5CA /* Launch Screen.storyboard */,
			);
			path = Memeo;
			sourceTree = "<group>";
		};
		FA97AD6E26DB7C5900BD8B83 /* Preview Content */ = {
			isa = PBXGroup;
			children = (
				FADD407C26DD45AF000D142B /* previewAsset.mp4 */,
				FA97AD6F26DB7C5900BD8B83 /* Preview Assets.xcassets */,
			);
			path = "Preview Content";
			sourceTree = "<group>";
		};
		FA97AD7726DB7C9900BD8B83 /* Sources */ = {
			isa = PBXGroup;
			children = (
				FA97ADA626DCD9EB00BD8B83 /* Services */,
				FA97AD7C26DB7CE700BD8B83 /* Models */,
				FA97AD7B26DB7CE200BD8B83 /* Utils */,
				FA97AD7A26DB7CCE00BD8B83 /* CommonComponents */,
				FA97AD7926DB7CBA00BD8B83 /* VideoEditor */,
				FA97AD7826DB7CB200BD8B83 /* Home */,
				FA97AD6826DB7C5800BD8B83 /* MemeoApp.swift */,
			);
			path = Sources;
			sourceTree = "<group>";
		};
		FA97AD7826DB7CB200BD8B83 /* Home */ = {
			isa = PBXGroup;
			children = (
				FAEA2F9226EAB7D900FBD5CA /* AppTrackingPermissionRequestView.swift */,
				FAEA2F9B26EB908900FBD5CA /* InfoView.swift */,
				FA97ADA026DCC05600BD8B83 /* UploadVideoView.swift */,
				FA97ADA226DCD60F00BD8B83 /* Home.swift */,
				FA97ADA426DCD64200BD8B83 /* HomeViewModel.swift */,
				2DBA15EF54C06E2604287A8F /* TemplatesList.swift */,
				FAEA2F9726EB1D5D00FBD5CA /* GiphyView.swift */,
			);
			path = Home;
			sourceTree = "<group>";
		};
		FA97AD7926DB7CBA00BD8B83 /* VideoEditor */ = {
			isa = PBXGroup;
			children = (
				FA387D8726E8A2D3003D44A3 /* Ads */,
				FA387D8426E81553003D44A3 /* Share */,
				FADD407E26DD46B1000D142B /* VideoView */,
				FA97AD9D26DC3F2000BD8B83 /* TrackerTextEditor */,
				FA97AD9026DBBECE00BD8B83 /* Timeline */,
				FA97AD8726DB83A700BD8B83 /* TrackerEditor */,
				FA97AD8126DB7F8100BD8B83 /* VideoEditorViewModel.swift */,
				FA7F03FA26E0118F00323E19 /* PlaybackControls.swift */,
				FA97AD6A26DB7C5800BD8B83 /* VideoEditor.swift */,
				FAB34FA926DFA6D100F36280 /* VideoEditorToolbar.swift */,
			);
			path = VideoEditor;
			sourceTree = "<group>";
		};
		FA97AD7A26DB7CCE00BD8B83 /* CommonComponents */ = {
			isa = PBXGroup;
			children = (
				FA97AD9B26DC3EF000BD8B83 /* VideoPicker.swift */,
			);
			path = CommonComponents;
			sourceTree = "<group>";
		};
		FA97AD7B26DB7CE200BD8B83 /* Utils */ = {
			isa = PBXGroup;
			children = (
				FA97AD8E26DBAA2900BD8B83 /* CGPointExtentions.swift */,
				FA97ADA926DCDA8A00BD8B83 /* AVAssetTrackExtentions.swift */,
			);
			path = Utils;
			sourceTree = "<group>";
		};
		FA97AD7C26DB7CE700BD8B83 /* Models */ = {
			isa = PBXGroup;
			children = (
				FA97AD7D26DB7D3C00BD8B83 /* Document.swift */,
				FA97AD7F26DB7F2100BD8B83 /* Tracker.swift */,
				FA97AD9526DBF7A800BD8B83 /* Animation.swift */,
			);
			path = Models;
			sourceTree = "<group>";
		};
		FA97AD8726DB83A700BD8B83 /* TrackerEditor */ = {
			isa = PBXGroup;
			children = (
				FA97AD8826DB83B500BD8B83 /* TrackerLayerRepresentable.swift */,
				FA97AD8A26DB966D00BD8B83 /* TrackerEditorUIView.swift */,
				FA97AD8C26DB9D5F00BD8B83 /* TrackerEditorView.swift */,
			);
			path = TrackerEditor;
			sourceTree = "<group>";
		};
		FA97AD9026DBBECE00BD8B83 /* Timeline */ = {
			isa = PBXGroup;
			children = (
				FA97AD9126DBBF1C00BD8B83 /* TimelineView.swift */,
				FA97AD9326DBBF5900BD8B83 /* Timeline.swift */,
			);
			path = Timeline;
			sourceTree = "<group>";
		};
		FA97AD9D26DC3F2000BD8B83 /* TrackerTextEditor */ = {
			isa = PBXGroup;
			children = (
				FA97AD9926DC3ECF00BD8B83 /* VisualEffectsView.swift */,
				FA97AD9726DC3E9E00BD8B83 /* UIKitTextField.swift */,
				FA97AD9E26DC3F3500BD8B83 /* TrackerTextEditor.swift */,
			);
			path = TrackerTextEditor;
			sourceTree = "<group>";
		};
		FA97ADA626DCD9EB00BD8B83 /* Services */ = {
			isa = PBXGroup;
			children = (
				FA97ADA726DCDA0500BD8B83 /* DocumentsService.swift */,
				FAB34F8626DE1AC400F36280 /* VideoExporter.swift */,
			);
			path = Services;
			sourceTree = "<group>";
		};
		FADD407E26DD46B1000D142B /* VideoView */ = {
			isa = PBXGroup;
			children = (
				FADD407F26DD46B1000D142B /* VideoPlayerView.swift */,
				FADD408026DD46B1000D142B /* VideoPlayer.swift */,
			);
			path = VideoView;
			sourceTree = "<group>";
		};
/* End PBXGroup section */

/* Begin PBXNativeTarget section */
		FA97AD6426DB7C5800BD8B83 /* Memeo */ = {
			isa = PBXNativeTarget;
			buildConfigurationList = FA97AD7426DB7C5900BD8B83 /* Build configuration list for PBXNativeTarget "Memeo" */;
			buildPhases = (
				ACF989D2500E3C66B70A2680 /* [CP] Check Pods Manifest.lock */,
				FA97AD6126DB7C5800BD8B83 /* Sources */,
				FA97AD6226DB7C5800BD8B83 /* Frameworks */,
				FA97AD6326DB7C5800BD8B83 /* Resources */,
				C125ACFB92D0A877D77E868E /* [CP] Embed Pods Frameworks */,
			);
			buildRules = (
			);
			dependencies = (
			);
			name = Memeo;
			packageProductDependencies = (
				FAB7481226E771C70076B9BE /* FLAnimatedImage */,
				FAB7481526E77CA10076B9BE /* SnapKit */,
				FAEA2F9526EB1D1900FBD5CA /* GiphyUISDK */,
			);
			productName = Memeo;
			productReference = FA97AD6526DB7C5800BD8B83 /* Memeo.app */;
			productType = "com.apple.product-type.application";
		};
/* End PBXNativeTarget section */

/* Begin PBXProject section */
		FA97AD5D26DB7C5800BD8B83 /* Project object */ = {
			isa = PBXProject;
			attributes = {
				LastSwiftUpdateCheck = 1250;
				LastUpgradeCheck = 1250;
				TargetAttributes = {
					FA97AD6426DB7C5800BD8B83 = {
						CreatedOnToolsVersion = 12.5.1;
					};
				};
			};
			buildConfigurationList = FA97AD6026DB7C5800BD8B83 /* Build configuration list for PBXProject "Memeo" */;
			compatibilityVersion = "Xcode 9.3";
			developmentRegion = en;
			hasScannedForEncodings = 0;
			knownRegions = (
				en,
				Base,
			);
			mainGroup = FA97AD5C26DB7C5800BD8B83;
			packageReferences = (
				FAB7481126E771C70076B9BE /* XCRemoteSwiftPackageReference "FLAnimatedImage" */,
				FAB7481426E77CA10076B9BE /* XCRemoteSwiftPackageReference "SnapKit" */,
				FAEA2F9426EB1D1900FBD5CA /* XCRemoteSwiftPackageReference "giphy-ios-sdk" */,
			);
			productRefGroup = FA97AD6626DB7C5800BD8B83 /* Products */;
			projectDirPath = "";
			projectRoot = "";
			targets = (
				FA97AD6426DB7C5800BD8B83 /* Memeo */,
			);
		};
/* End PBXProject section */

/* Begin PBXResourcesBuildPhase section */
		FA97AD6326DB7C5800BD8B83 /* Resources */ = {
			isa = PBXResourcesBuildPhase;
			buildActionMask = 2147483647;
			files = (
				FA97AD7026DB7C5900BD8B83 /* Preview Assets.xcassets in Resources */,
				FADD407D26DD465A000D142B /* previewAsset.mp4 in Resources */,
				FAEA2F9A26EB85EF00FBD5CA /* Launch Screen.storyboard in Resources */,
				FA97AD6D26DB7C5900BD8B83 /* Assets.xcassets in Resources */,
			);
			runOnlyForDeploymentPostprocessing = 0;
		};
/* End PBXResourcesBuildPhase section */

/* Begin PBXShellScriptBuildPhase section */
		ACF989D2500E3C66B70A2680 /* [CP] Check Pods Manifest.lock */ = {
			isa = PBXShellScriptBuildPhase;
			buildActionMask = 2147483647;
			files = (
			);
			inputFileListPaths = (
			);
			inputPaths = (
				"${PODS_PODFILE_DIR_PATH}/Podfile.lock",
				"${PODS_ROOT}/Manifest.lock",
			);
			name = "[CP] Check Pods Manifest.lock";
			outputFileListPaths = (
			);
			outputPaths = (
				"$(DERIVED_FILE_DIR)/Pods-Memeo-checkManifestLockResult.txt",
			);
			runOnlyForDeploymentPostprocessing = 0;
			shellPath = /bin/sh;
			shellScript = "diff \"${PODS_PODFILE_DIR_PATH}/Podfile.lock\" \"${PODS_ROOT}/Manifest.lock\" > /dev/null\nif [ $? != 0 ] ; then\n    # print error to STDERR\n    echo \"error: The sandbox is not in sync with the Podfile.lock. Run 'pod install' or update your CocoaPods installation.\" >&2\n    exit 1\nfi\n# This output is used by Xcode 'outputs' to avoid re-running this script phase.\necho \"SUCCESS\" > \"${SCRIPT_OUTPUT_FILE_0}\"\n";
			showEnvVarsInLog = 0;
		};
		C125ACFB92D0A877D77E868E /* [CP] Embed Pods Frameworks */ = {
			isa = PBXShellScriptBuildPhase;
			buildActionMask = 2147483647;
			files = (
			);
			inputFileListPaths = (
				"${PODS_ROOT}/Target Support Files/Pods-Memeo/Pods-Memeo-frameworks-${CONFIGURATION}-input-files.xcfilelist",
			);
			name = "[CP] Embed Pods Frameworks";
			outputFileListPaths = (
				"${PODS_ROOT}/Target Support Files/Pods-Memeo/Pods-Memeo-frameworks-${CONFIGURATION}-output-files.xcfilelist",
			);
			runOnlyForDeploymentPostprocessing = 0;
			shellPath = /bin/sh;
			shellScript = "\"${PODS_ROOT}/Target Support Files/Pods-Memeo/Pods-Memeo-frameworks.sh\"\n";
			showEnvVarsInLog = 0;
		};
/* End PBXShellScriptBuildPhase section */

/* Begin PBXSourcesBuildPhase section */
		FA97AD6126DB7C5800BD8B83 /* Sources */ = {
			isa = PBXSourcesBuildPhase;
			buildActionMask = 2147483647;
			files = (
				FA97ADA526DCD64200BD8B83 /* HomeViewModel.swift in Sources */,
				FA97ADA126DCC05600BD8B83 /* UploadVideoView.swift in Sources */,
				FAEA2F9326EAB7D900FBD5CA /* AppTrackingPermissionRequestView.swift in Sources */,
				FA7F03FB26E0118F00323E19 /* PlaybackControls.swift in Sources */,
				FAEA2F9C26EB908900FBD5CA /* InfoView.swift in Sources */,
				FAEA2F9826EB1D5D00FBD5CA /* GiphyView.swift in Sources */,
				FA97AD8D26DB9D5F00BD8B83 /* TrackerEditorView.swift in Sources */,
				FADD408226DD46B1000D142B /* VideoPlayerView.swift in Sources */,
				FA97AD8F26DBAA2900BD8B83 /* CGPointExtentions.swift in Sources */,
				FA97AD8B26DB966D00BD8B83 /* TrackerEditorUIView.swift in Sources */,
				FAB34FAA26DFA6D100F36280 /* VideoEditorToolbar.swift in Sources */,
				FAA9D99026E8D56800D2C0CA /* FullscreenAdModifier.swift in Sources */,
				FA97ADA326DCD60F00BD8B83 /* Home.swift in Sources */,
				FA97AD9C26DC3EF000BD8B83 /* VideoPicker.swift in Sources */,
				FADD408326DD46B1000D142B /* VideoPlayer.swift in Sources */,
				FA97AD9226DBBF1C00BD8B83 /* TimelineView.swift in Sources */,
				FA97AD8026DB7F2100BD8B83 /* Tracker.swift in Sources */,
				FAA9D98E26E8D4A000D2C0CA /* InterstitialAdView.swift in Sources */,
				FA97AD8926DB83B500BD8B83 /* TrackerLayerRepresentable.swift in Sources */,
				FA97ADAA26DCDA8A00BD8B83 /* AVAssetTrackExtentions.swift in Sources */,
				FA97AD8226DB7F8100BD8B83 /* VideoEditorViewModel.swift in Sources */,
				FAB34F8726DE1AC400F36280 /* VideoExporter.swift in Sources */,
				FA97ADA826DCDA0500BD8B83 /* DocumentsService.swift in Sources */,
				FA97AD6B26DB7C5800BD8B83 /* VideoEditor.swift in Sources */,
				FA97AD9826DC3E9E00BD8B83 /* UIKitTextField.swift in Sources */,
				FA97AD9F26DC3F3500BD8B83 /* TrackerTextEditor.swift in Sources */,
				FA97AD7E26DB7D3C00BD8B83 /* Document.swift in Sources */,
				FA97AD6926DB7C5800BD8B83 /* MemeoApp.swift in Sources */,
				FA97AD9626DBF7A800BD8B83 /* Animation.swift in Sources */,
				FA387D8626E81563003D44A3 /* ShareView.swift in Sources */,
				FA97AD9426DBBF5900BD8B83 /* Timeline.swift in Sources */,
				FA97AD9A26DC3ECF00BD8B83 /* VisualEffectsView.swift in Sources */,
				2DBA19D092E48441837C32B2 /* TemplatesList.swift in Sources */,
				2DBA1CA289D21EFD14FC436F /* ShareViewModel.swift in Sources */,
			);
			runOnlyForDeploymentPostprocessing = 0;
		};
/* End PBXSourcesBuildPhase section */

/* Begin XCBuildConfiguration section */
		FA97AD7226DB7C5900BD8B83 /* Debug */ = {
			isa = XCBuildConfiguration;
			buildSettings = {
				ALWAYS_SEARCH_USER_PATHS = NO;
				CLANG_ANALYZER_NONNULL = YES;
				CLANG_ANALYZER_NUMBER_OBJECT_CONVERSION = YES_AGGRESSIVE;
				CLANG_CXX_LANGUAGE_STANDARD = "gnu++14";
				CLANG_CXX_LIBRARY = "libc++";
				CLANG_ENABLE_MODULES = YES;
				CLANG_ENABLE_OBJC_ARC = YES;
				CLANG_ENABLE_OBJC_WEAK = YES;
				CLANG_WARN_BLOCK_CAPTURE_AUTORELEASING = YES;
				CLANG_WARN_BOOL_CONVERSION = YES;
				CLANG_WARN_COMMA = YES;
				CLANG_WARN_CONSTANT_CONVERSION = YES;
				CLANG_WARN_DEPRECATED_OBJC_IMPLEMENTATIONS = YES;
				CLANG_WARN_DIRECT_OBJC_ISA_USAGE = YES_ERROR;
				CLANG_WARN_DOCUMENTATION_COMMENTS = YES;
				CLANG_WARN_EMPTY_BODY = YES;
				CLANG_WARN_ENUM_CONVERSION = YES;
				CLANG_WARN_INFINITE_RECURSION = YES;
				CLANG_WARN_INT_CONVERSION = YES;
				CLANG_WARN_NON_LITERAL_NULL_CONVERSION = YES;
				CLANG_WARN_OBJC_IMPLICIT_RETAIN_SELF = YES;
				CLANG_WARN_OBJC_LITERAL_CONVERSION = YES;
				CLANG_WARN_OBJC_ROOT_CLASS = YES_ERROR;
				CLANG_WARN_QUOTED_INCLUDE_IN_FRAMEWORK_HEADER = YES;
				CLANG_WARN_RANGE_LOOP_ANALYSIS = YES;
				CLANG_WARN_STRICT_PROTOTYPES = YES;
				CLANG_WARN_SUSPICIOUS_MOVE = YES;
				CLANG_WARN_UNGUARDED_AVAILABILITY = YES_AGGRESSIVE;
				CLANG_WARN_UNREACHABLE_CODE = YES;
				CLANG_WARN__DUPLICATE_METHOD_MATCH = YES;
				COPY_PHASE_STRIP = NO;
				DEBUG_INFORMATION_FORMAT = dwarf;
				ENABLE_STRICT_OBJC_MSGSEND = YES;
				ENABLE_TESTABILITY = YES;
				GCC_C_LANGUAGE_STANDARD = gnu11;
				GCC_DYNAMIC_NO_PIC = NO;
				GCC_NO_COMMON_BLOCKS = YES;
				GCC_OPTIMIZATION_LEVEL = 0;
				GCC_PREPROCESSOR_DEFINITIONS = (
					"DEBUG=1",
					"$(inherited)",
				);
				GCC_WARN_64_TO_32_BIT_CONVERSION = YES;
				GCC_WARN_ABOUT_RETURN_TYPE = YES_ERROR;
				GCC_WARN_UNDECLARED_SELECTOR = YES;
				GCC_WARN_UNINITIALIZED_AUTOS = YES_AGGRESSIVE;
				GCC_WARN_UNUSED_FUNCTION = YES;
				GCC_WARN_UNUSED_VARIABLE = YES;
				IPHONEOS_DEPLOYMENT_TARGET = 14.5;
				MTL_ENABLE_DEBUG_INFO = INCLUDE_SOURCE;
				MTL_FAST_MATH = YES;
				ONLY_ACTIVE_ARCH = YES;
				SDKROOT = iphoneos;
				SWIFT_ACTIVE_COMPILATION_CONDITIONS = DEBUG;
				SWIFT_OPTIMIZATION_LEVEL = "-Onone";
			};
			name = Debug;
		};
		FA97AD7326DB7C5900BD8B83 /* Release */ = {
			isa = XCBuildConfiguration;
			buildSettings = {
				ALWAYS_SEARCH_USER_PATHS = NO;
				CLANG_ANALYZER_NONNULL = YES;
				CLANG_ANALYZER_NUMBER_OBJECT_CONVERSION = YES_AGGRESSIVE;
				CLANG_CXX_LANGUAGE_STANDARD = "gnu++14";
				CLANG_CXX_LIBRARY = "libc++";
				CLANG_ENABLE_MODULES = YES;
				CLANG_ENABLE_OBJC_ARC = YES;
				CLANG_ENABLE_OBJC_WEAK = YES;
				CLANG_WARN_BLOCK_CAPTURE_AUTORELEASING = YES;
				CLANG_WARN_BOOL_CONVERSION = YES;
				CLANG_WARN_COMMA = YES;
				CLANG_WARN_CONSTANT_CONVERSION = YES;
				CLANG_WARN_DEPRECATED_OBJC_IMPLEMENTATIONS = YES;
				CLANG_WARN_DIRECT_OBJC_ISA_USAGE = YES_ERROR;
				CLANG_WARN_DOCUMENTATION_COMMENTS = YES;
				CLANG_WARN_EMPTY_BODY = YES;
				CLANG_WARN_ENUM_CONVERSION = YES;
				CLANG_WARN_INFINITE_RECURSION = YES;
				CLANG_WARN_INT_CONVERSION = YES;
				CLANG_WARN_NON_LITERAL_NULL_CONVERSION = YES;
				CLANG_WARN_OBJC_IMPLICIT_RETAIN_SELF = YES;
				CLANG_WARN_OBJC_LITERAL_CONVERSION = YES;
				CLANG_WARN_OBJC_ROOT_CLASS = YES_ERROR;
				CLANG_WARN_QUOTED_INCLUDE_IN_FRAMEWORK_HEADER = YES;
				CLANG_WARN_RANGE_LOOP_ANALYSIS = YES;
				CLANG_WARN_STRICT_PROTOTYPES = YES;
				CLANG_WARN_SUSPICIOUS_MOVE = YES;
				CLANG_WARN_UNGUARDED_AVAILABILITY = YES_AGGRESSIVE;
				CLANG_WARN_UNREACHABLE_CODE = YES;
				CLANG_WARN__DUPLICATE_METHOD_MATCH = YES;
				COPY_PHASE_STRIP = NO;
				DEBUG_INFORMATION_FORMAT = "dwarf-with-dsym";
				ENABLE_NS_ASSERTIONS = NO;
				ENABLE_STRICT_OBJC_MSGSEND = YES;
				GCC_C_LANGUAGE_STANDARD = gnu11;
				GCC_NO_COMMON_BLOCKS = YES;
				GCC_WARN_64_TO_32_BIT_CONVERSION = YES;
				GCC_WARN_ABOUT_RETURN_TYPE = YES_ERROR;
				GCC_WARN_UNDECLARED_SELECTOR = YES;
				GCC_WARN_UNINITIALIZED_AUTOS = YES_AGGRESSIVE;
				GCC_WARN_UNUSED_FUNCTION = YES;
				GCC_WARN_UNUSED_VARIABLE = YES;
				IPHONEOS_DEPLOYMENT_TARGET = 14.5;
				MTL_ENABLE_DEBUG_INFO = NO;
				MTL_FAST_MATH = YES;
				SDKROOT = iphoneos;
				SWIFT_COMPILATION_MODE = wholemodule;
				SWIFT_OPTIMIZATION_LEVEL = "-O";
				VALIDATE_PRODUCT = YES;
			};
			name = Release;
		};
		FA97AD7526DB7C5900BD8B83 /* Debug */ = {
			isa = XCBuildConfiguration;
			baseConfigurationReference = 0317F1970EDC8AECA3EDF019 /* Pods-Memeo.debug.xcconfig */;
			buildSettings = {
				ASSETCATALOG_COMPILER_APPICON_NAME = AppIcon;
				ASSETCATALOG_COMPILER_GLOBAL_ACCENT_COLOR_NAME = AccentColor;
				CODE_SIGN_ENTITLEMENTS = Memeo/Memeo.entitlements;
				CODE_SIGN_STYLE = Automatic;
				CURRENT_PROJECT_VERSION = 20;
				DEVELOPMENT_ASSET_PATHS = "Memeo/Preview\\ Content";
				DEVELOPMENT_TEAM = 2E543VYG2P;
				ENABLE_PREVIEWS = YES;
				INFOPLIST_FILE = Memeo/Info.plist;
				IPHONEOS_DEPLOYMENT_TARGET = 14.0;
				LD_RUNPATH_SEARCH_PATHS = (
					"$(inherited)",
					"@executable_path/Frameworks",
				);
				MARKETING_VERSION = 1.0.1;
				PRODUCT_BUNDLE_IDENTIFIER = app.memeo.memeo;
				PRODUCT_NAME = "$(TARGET_NAME)";
				SUPPORTS_MACCATALYST = NO;
				SWIFT_VERSION = 5.0;
				TARGETED_DEVICE_FAMILY = 1;
			};
			name = Debug;
		};
		FA97AD7626DB7C5900BD8B83 /* Release */ = {
			isa = XCBuildConfiguration;
			baseConfigurationReference = AA5C7B136A2735C3DBE4E334 /* Pods-Memeo.release.xcconfig */;
			buildSettings = {
				ASSETCATALOG_COMPILER_APPICON_NAME = AppIcon;
				ASSETCATALOG_COMPILER_GLOBAL_ACCENT_COLOR_NAME = AccentColor;
				CODE_SIGN_ENTITLEMENTS = Memeo/Memeo.entitlements;
				CODE_SIGN_STYLE = Automatic;
				CURRENT_PROJECT_VERSION = 20;
				DEVELOPMENT_ASSET_PATHS = "Memeo/Preview\\ Content";
				DEVELOPMENT_TEAM = 2E543VYG2P;
				ENABLE_PREVIEWS = YES;
				INFOPLIST_FILE = Memeo/Info.plist;
				IPHONEOS_DEPLOYMENT_TARGET = 14.0;
				LD_RUNPATH_SEARCH_PATHS = (
					"$(inherited)",
					"@executable_path/Frameworks",
				);
				MARKETING_VERSION = 1.0.1;
				PRODUCT_BUNDLE_IDENTIFIER = app.memeo.memeo;
				PRODUCT_NAME = "$(TARGET_NAME)";
				SUPPORTS_MACCATALYST = NO;
				SWIFT_VERSION = 5.0;
				TARGETED_DEVICE_FAMILY = 1;
			};
			name = Release;
		};
/* End XCBuildConfiguration section */

/* Begin XCConfigurationList section */
		FA97AD6026DB7C5800BD8B83 /* Build configuration list for PBXProject "Memeo" */ = {
			isa = XCConfigurationList;
			buildConfigurations = (
				FA97AD7226DB7C5900BD8B83 /* Debug */,
				FA97AD7326DB7C5900BD8B83 /* Release */,
			);
			defaultConfigurationIsVisible = 0;
			defaultConfigurationName = Release;
		};
		FA97AD7426DB7C5900BD8B83 /* Build configuration list for PBXNativeTarget "Memeo" */ = {
			isa = XCConfigurationList;
			buildConfigurations = (
				FA97AD7526DB7C5900BD8B83 /* Debug */,
				FA97AD7626DB7C5900BD8B83 /* Release */,
			);
			defaultConfigurationIsVisible = 0;
			defaultConfigurationName = Release;
		};
/* End XCConfigurationList section */

/* Begin XCRemoteSwiftPackageReference section */
		FAB7481126E771C70076B9BE /* XCRemoteSwiftPackageReference "FLAnimatedImage" */ = {
			isa = XCRemoteSwiftPackageReference;
			repositoryURL = "https://github.com/Flipboard/FLAnimatedImage.git";
			requirement = {
				kind = upToNextMajorVersion;
				minimumVersion = 1.0.16;
			};
		};
		FAB7481426E77CA10076B9BE /* XCRemoteSwiftPackageReference "SnapKit" */ = {
			isa = XCRemoteSwiftPackageReference;
			repositoryURL = "https://github.com/SnapKit/SnapKit.git";
			requirement = {
				kind = upToNextMajorVersion;
				minimumVersion = 5.0.1;
			};
		};
		FAEA2F9426EB1D1900FBD5CA /* XCRemoteSwiftPackageReference "giphy-ios-sdk" */ = {
			isa = XCRemoteSwiftPackageReference;
			repositoryURL = "https://github.com/Giphy/giphy-ios-sdk";
			requirement = {
				kind = upToNextMajorVersion;
				minimumVersion = 2.1.11;
			};
		};
/* End XCRemoteSwiftPackageReference section */

/* Begin XCSwiftPackageProductDependency section */
		FAB7481226E771C70076B9BE /* FLAnimatedImage */ = {
			isa = XCSwiftPackageProductDependency;
			package = FAB7481126E771C70076B9BE /* XCRemoteSwiftPackageReference "FLAnimatedImage" */;
			productName = FLAnimatedImage;
		};
		FAB7481526E77CA10076B9BE /* SnapKit */ = {
			isa = XCSwiftPackageProductDependency;
			package = FAB7481426E77CA10076B9BE /* XCRemoteSwiftPackageReference "SnapKit" */;
			productName = SnapKit;
		};
		FAEA2F9526EB1D1900FBD5CA /* GiphyUISDK */ = {
			isa = XCSwiftPackageProductDependency;
			package = FAEA2F9426EB1D1900FBD5CA /* XCRemoteSwiftPackageReference "giphy-ios-sdk" */;
			productName = GiphyUISDK;
		};
/* End XCSwiftPackageProductDependency section */
	};
	rootObject = FA97AD5D26DB7C5800BD8B83 /* Project object */;
}
